
Microsoft Visual Studio Solution File, Format Version 12.00
# Visual Studio Version 17
VisualStudioVersion = 17.11.35303.130
MinimumVisualStudioVersion = 10.0.40219.1
Project("{2150E333-8FDC-42A3-9474-1A3956D46DE8}") = "Task0", "Task0", "{B911DB80-8A3E-4C1D-BE78-11E65372E0CF}"
EndProject
Project("{9A19103F-16F7-4668-BE54-9A1E7A4F7556}") = "Tyuiu.PopovaAA.Sprint3.Task0.V30", "Tyuiu.PopovaAA.Sprint3.Task0.V30\Tyuiu.PopovaAA.Sprint3.Task0.V30.csproj", "{FB6964F6-9F87-46ED-90A4-C7C01E0D378F}"
EndProject
Project("{9A19103F-16F7-4668-BE54-9A1E7A4F7556}") = "Tyuiu.PopovaAA.Sprint3.Task0.V30.Lib", "Tyuiu.PopovaAA.Sprint3.Task0.V30.Lib\Tyuiu.PopovaAA.Sprint3.Task0.V30.Lib.csproj", "{B4412AF4-67BF-498A-A1A8-3EB0DDA1746A}"
EndProject
Project("{FAE04EC0-301F-11D3-BF4B-00C04F79EFBC}") = "Tyuiu.PopovaAA.Sprint3.Task0.V30.Test", "Tyuiu.PopovaAA.Sprint3.Task0.V30.Test\Tyuiu.PopovaAA.Sprint3.Task0.V30.Test.csproj", "{CDB9EDC7-E684-4C5F-B83A-1580D7AFF131}"
EndProject
Project("{2150E333-8FDC-42A3-9474-1A3956D46DE8}") = "Task1", "Task1", "{372949F9-9434-4467-B32D-1325FC5A8534}"
EndProject
Project("{9A19103F-16F7-4668-BE54-9A1E7A4F7556}") = "Tyuiu.PopovaAA.Sprint3.Task1.V12", "Tyuiu.PopovaAA.Sprint3.Task1.V12\Tyuiu.PopovaAA.Sprint3.Task1.V12.csproj", "{50180A9E-07A2-4048-9902-FCE06A3E4D75}"
EndProject
Project("{9A19103F-16F7-4668-BE54-9A1E7A4F7556}") = "Tyuiu.PopovaAA.Sprint3.Task1.V12.Lib", "Tyuiu.PopovaAA.Sprint3.Task1.V12.Lib\Tyuiu.PopovaAA.Sprint3.Task1.V12.Lib.csproj", "{076E9DEF-B74E-4AD3-B583-F355AB9726B8}"
EndProject
Project("{9A19103F-16F7-4668-BE54-9A1E7A4F7556}") = "Tyuiu.PopovaAA.Sprint3.Task1.V12.Test", "Tyuiu.PopovaAA.Sprint3.Task1.V12.Test\Tyuiu.PopovaAA.Sprint3.Task1.V12.Test.csproj", "{EEF3C6C7-2060-4189-AD29-B2AD2FE14414}"
EndProject
Project("{2150E333-8FDC-42A3-9474-1A3956D46DE8}") = "Task2", "Task2", "{1E422209-AE62-4805-A00E-4B23583AAB6C}"
EndProject
Project("{9A19103F-16F7-4668-BE54-9A1E7A4F7556}") = "Tyuiu.PopovaAA.Sprint3.Task2.V11", "Tyuiu.PopovaAA.Sprint3.Task2.V11\Tyuiu.PopovaAA.Sprint3.Task2.V11.csproj", "{A5CD4681-77D2-4EAA-8D5C-BA898E14F9B1}"
EndProject
Project("{9A19103F-16F7-4668-BE54-9A1E7A4F7556}") = "Tyuiu.PopovaAA.Sprint3.Task2.V11.Lib", "Tyuiu.PopovaAA.Sprint3.Task2.V11.Lib\Tyuiu.PopovaAA.Sprint3.Task2.V11.Lib.csproj", "{38429E06-E639-4DD6-9836-133F0D785B36}"
EndProject
Project("{9A19103F-16F7-4668-BE54-9A1E7A4F7556}") = "Tyuiu.PopovaAA.Sprint3.Task2.V11.Test", "Tyuiu.PopovaAA.Sprint3.Task2.V11.Test\Tyuiu.PopovaAA.Sprint3.Task2.V11.Test.csproj", "{EA38B855-6CF7-437A-B923-C2DF24CDADD6}"
EndProject
Project("{2150E333-8FDC-42A3-9474-1A3956D46DE8}") = "Task3", "Task3", "{663CF9FA-9FC2-4E3D-B12C-A98A25A46F86}"
EndProject
Project("{9A19103F-16F7-4668-BE54-9A1E7A4F7556}") = "Tyuiu.PopovaAA.Sprint3.Task3.V9", "Tyuiu.PopovaAA.Sprint3.Task3.V9\Tyuiu.PopovaAA.Sprint3.Task3.V9.csproj", "{B1E6CAD3-11F6-4D13-81CA-8FA6FBDD0D4E}"
EndProject
Project("{9A19103F-16F7-4668-BE54-9A1E7A4F7556}") = "Tyuiu.PopovaAA.Sprint3.Task3.V9.Lib", "Tyuiu.PopovaAA.Sprint3.Task3.V9.Lib\Tyuiu.PopovaAA.Sprint3.Task3.V9.Lib.csproj", "{65ED06B5-FF99-480B-9533-051913B76829}"
EndProject
Project("{9A19103F-16F7-4668-BE54-9A1E7A4F7556}") = "Tyuiu.PopovaAA.Sprint3.Task3.V9.Test", "Tyuiu.PopovaAA.Sprint3.Task3.V9.Test\Tyuiu.PopovaAA.Sprint3.Task3.V9.Test.csproj", "{113E6CDF-F398-4A47-B5F5-9666300D3CAC}"
EndProject
Project("{2150E333-8FDC-42A3-9474-1A3956D46DE8}") = "Task4", "Task4", "{21C4273F-F6D2-44B9-859C-34911F8A0752}"
EndProject
Project("{FAE04EC0-301F-11D3-BF4B-00C04F79EFBC}") = "Tyuiu.PopovaAA.Sprint3.Task4.V29", "Tyuiu.PopovaAA.Sprint3.Task4.V29\Tyuiu.PopovaAA.Sprint3.Task4.V29.csproj", "{EC0F6155-CF3D-44AA-A527-4B85434233BD}"
EndProject
Project("{FAE04EC0-301F-11D3-BF4B-00C04F79EFBC}") = "Tyuiu.PopovaAA.Sprint3.Task4.V29.Lib", "Tyuiu.PopovaAA.Sprint3.Task4.V29.Lib\Tyuiu.PopovaAA.Sprint3.Task4.V29.Lib.csproj", "{7B535107-402B-4574-9EAF-E74ABB51B388}"
EndProject
Project("{FAE04EC0-301F-11D3-BF4B-00C04F79EFBC}") = "Tyuiu.PopovaAA.Sprint3.Task4.V29.Test", "Tyuiu.PopovaAA.Sprint3.Task4.V29.Test\Tyuiu.PopovaAA.Sprint3.Task4.V29.Test.csproj", "{869CBC7E-5347-4A7D-AC93-E657800E4876}"
EndProject
Global
	GlobalSection(SolutionConfigurationPlatforms) = preSolution
		Debug|Any CPU = Debug|Any CPU
		Release|Any CPU = Release|Any CPU
	EndGlobalSection
	GlobalSection(ProjectConfigurationPlatforms) = postSolution
		{FB6964F6-9F87-46ED-90A4-C7C01E0D378F}.Debug|Any CPU.ActiveCfg = Debug|Any CPU
		{FB6964F6-9F87-46ED-90A4-C7C01E0D378F}.Debug|Any CPU.Build.0 = Debug|Any CPU
		{FB6964F6-9F87-46ED-90A4-C7C01E0D378F}.Release|Any CPU.ActiveCfg = Release|Any CPU
		{FB6964F6-9F87-46ED-90A4-C7C01E0D378F}.Release|Any CPU.Build.0 = Release|Any CPU
		{B4412AF4-67BF-498A-A1A8-3EB0DDA1746A}.Debug|Any CPU.ActiveCfg = Debug|Any CPU
		{B4412AF4-67BF-498A-A1A8-3EB0DDA1746A}.Debug|Any CPU.Build.0 = Debug|Any CPU
		{B4412AF4-67BF-498A-A1A8-3EB0DDA1746A}.Release|Any CPU.ActiveCfg = Release|Any CPU
		{B4412AF4-67BF-498A-A1A8-3EB0DDA1746A}.Release|Any CPU.Build.0 = Release|Any CPU
		{CDB9EDC7-E684-4C5F-B83A-1580D7AFF131}.Debug|Any CPU.ActiveCfg = Debug|Any CPU
		{CDB9EDC7-E684-4C5F-B83A-1580D7AFF131}.Debug|Any CPU.Build.0 = Debug|Any CPU
		{CDB9EDC7-E684-4C5F-B83A-1580D7AFF131}.Release|Any CPU.ActiveCfg = Release|Any CPU
		{CDB9EDC7-E684-4C5F-B83A-1580D7AFF131}.Release|Any CPU.Build.0 = Release|Any CPU
		{50180A9E-07A2-4048-9902-FCE06A3E4D75}.Debug|Any CPU.ActiveCfg = Debug|Any CPU
		{50180A9E-07A2-4048-9902-FCE06A3E4D75}.Debug|Any CPU.Build.0 = Debug|Any CPU
		{50180A9E-07A2-4048-9902-FCE06A3E4D75}.Release|Any CPU.ActiveCfg = Release|Any CPU
		{50180A9E-07A2-4048-9902-FCE06A3E4D75}.Release|Any CPU.Build.0 = Release|Any CPU
		{076E9DEF-B74E-4AD3-B583-F355AB9726B8}.Debug|Any CPU.ActiveCfg = Debug|Any CPU
		{076E9DEF-B74E-4AD3-B583-F355AB9726B8}.Debug|Any CPU.Build.0 = Debug|Any CPU
		{076E9DEF-B74E-4AD3-B583-F355AB9726B8}.Release|Any CPU.ActiveCfg = Release|Any CPU
		{076E9DEF-B74E-4AD3-B583-F355AB9726B8}.Release|Any CPU.Build.0 = Release|Any CPU
		{EEF3C6C7-2060-4189-AD29-B2AD2FE14414}.Debug|Any CPU.ActiveCfg = Debug|Any CPU
		{EEF3C6C7-2060-4189-AD29-B2AD2FE14414}.Debug|Any CPU.Build.0 = Debug|Any CPU
		{EEF3C6C7-2060-4189-AD29-B2AD2FE14414}.Release|Any CPU.ActiveCfg = Release|Any CPU
		{EEF3C6C7-2060-4189-AD29-B2AD2FE14414}.Release|Any CPU.Build.0 = Release|Any CPU
		{A5CD4681-77D2-4EAA-8D5C-BA898E14F9B1}.Debug|Any CPU.ActiveCfg = Debug|Any CPU
		{A5CD4681-77D2-4EAA-8D5C-BA898E14F9B1}.Debug|Any CPU.Build.0 = Debug|Any CPU
		{A5CD4681-77D2-4EAA-8D5C-BA898E14F9B1}.Release|Any CPU.ActiveCfg = Release|Any CPU
		{A5CD4681-77D2-4EAA-8D5C-BA898E14F9B1}.Release|Any CPU.Build.0 = Release|Any CPU
		{38429E06-E639-4DD6-9836-133F0D785B36}.Debug|Any CPU.ActiveCfg = Debug|Any CPU
		{38429E06-E639-4DD6-9836-133F0D785B36}.Debug|Any CPU.Build.0 = Debug|Any CPU
		{38429E06-E639-4DD6-9836-133F0D785B36}.Release|Any CPU.ActiveCfg = Release|Any CPU
		{38429E06-E639-4DD6-9836-133F0D785B36}.Release|Any CPU.Build.0 = Release|Any CPU
		{EA38B855-6CF7-437A-B923-C2DF24CDADD6}.Debug|Any CPU.ActiveCfg = Debug|Any CPU
		{EA38B855-6CF7-437A-B923-C2DF24CDADD6}.Debug|Any CPU.Build.0 = Debug|Any CPU
		{EA38B855-6CF7-437A-B923-C2DF24CDADD6}.Release|Any CPU.ActiveCfg = Release|Any CPU
		{EA38B855-6CF7-437A-B923-C2DF24CDADD6}.Release|Any CPU.Build.0 = Release|Any CPU
		{B1E6CAD3-11F6-4D13-81CA-8FA6FBDD0D4E}.Debug|Any CPU.ActiveCfg = Debug|Any CPU
		{B1E6CAD3-11F6-4D13-81CA-8FA6FBDD0D4E}.Debug|Any CPU.Build.0 = Debug|Any CPU
		{B1E6CAD3-11F6-4D13-81CA-8FA6FBDD0D4E}.Release|Any CPU.ActiveCfg = Release|Any CPU
		{B1E6CAD3-11F6-4D13-81CA-8FA6FBDD0D4E}.Release|Any CPU.Build.0 = Release|Any CPU
		{65ED06B5-FF99-480B-9533-051913B76829}.Debug|Any CPU.ActiveCfg = Debug|Any CPU
		{65ED06B5-FF99-480B-9533-051913B76829}.Debug|Any CPU.Build.0 = Debug|Any CPU
		{65ED06B5-FF99-480B-9533-051913B76829}.Release|Any CPU.ActiveCfg = Release|Any CPU
		{65ED06B5-FF99-480B-9533-051913B76829}.Release|Any CPU.Build.0 = Release|Any CPU
		{113E6CDF-F398-4A47-B5F5-9666300D3CAC}.Debug|Any CPU.ActiveCfg = Debug|Any CPU
		{113E6CDF-F398-4A47-B5F5-9666300D3CAC}.Debug|Any CPU.Build.0 = Debug|Any CPU
		{113E6CDF-F398-4A47-B5F5-9666300D3CAC}.Release|Any CPU.ActiveCfg = Release|Any CPU
		{113E6CDF-F398-4A47-B5F5-9666300D3CAC}.Release|Any CPU.Build.0 = Release|Any CPU
		{EC0F6155-CF3D-44AA-A527-4B85434233BD}.Debug|Any CPU.ActiveCfg = Debug|Any CPU
		{EC0F6155-CF3D-44AA-A527-4B85434233BD}.Debug|Any CPU.Build.0 = Debug|Any CPU
		{EC0F6155-CF3D-44AA-A527-4B85434233BD}.Release|Any CPU.ActiveCfg = Release|Any CPU
		{EC0F6155-CF3D-44AA-A527-4B85434233BD}.Release|Any CPU.Build.0 = Release|Any CPU
		{7B535107-402B-4574-9EAF-E74ABB51B388}.Debug|Any CPU.ActiveCfg = Debug|Any CPU
		{7B535107-402B-4574-9EAF-E74ABB51B388}.Debug|Any CPU.Build.0 = Debug|Any CPU
		{7B535107-402B-4574-9EAF-E74ABB51B388}.Release|Any CPU.ActiveCfg = Release|Any CPU
		{7B535107-402B-4574-9EAF-E74ABB51B388}.Release|Any CPU.Build.0 = Release|Any CPU
		{869CBC7E-5347-4A7D-AC93-E657800E4876}.Debug|Any CPU.ActiveCfg = Debug|Any CPU
		{869CBC7E-5347-4A7D-AC93-E657800E4876}.Debug|Any CPU.Build.0 = Debug|Any CPU
		{869CBC7E-5347-4A7D-AC93-E657800E4876}.Release|Any CPU.ActiveCfg = Release|Any CPU
		{869CBC7E-5347-4A7D-AC93-E657800E4876}.Release|Any CPU.Build.0 = Release|Any CPU
	EndGlobalSection
	GlobalSection(SolutionProperties) = preSolution
		HideSolutionNode = FALSE
	EndGlobalSection
	GlobalSection(NestedProjects) = preSolution
		{FB6964F6-9F87-46ED-90A4-C7C01E0D378F} = {B911DB80-8A3E-4C1D-BE78-11E65372E0CF}
		{B4412AF4-67BF-498A-A1A8-3EB0DDA1746A} = {B911DB80-8A3E-4C1D-BE78-11E65372E0CF}
		{CDB9EDC7-E684-4C5F-B83A-1580D7AFF131} = {B911DB80-8A3E-4C1D-BE78-11E65372E0CF}
		{50180A9E-07A2-4048-9902-FCE06A3E4D75} = {372949F9-9434-4467-B32D-1325FC5A8534}
		{076E9DEF-B74E-4AD3-B583-F355AB9726B8} = {372949F9-9434-4467-B32D-1325FC5A8534}
		{EEF3C6C7-2060-4189-AD29-B2AD2FE14414} = {372949F9-9434-4467-B32D-1325FC5A8534}
		{A5CD4681-77D2-4EAA-8D5C-BA898E14F9B1} = {1E422209-AE62-4805-A00E-4B23583AAB6C}
		{38429E06-E639-4DD6-9836-133F0D785B36} = {1E422209-AE62-4805-A00E-4B23583AAB6C}
		{EA38B855-6CF7-437A-B923-C2DF24CDADD6} = {1E422209-AE62-4805-A00E-4B23583AAB6C}
		{B1E6CAD3-11F6-4D13-81CA-8FA6FBDD0D4E} = {663CF9FA-9FC2-4E3D-B12C-A98A25A46F86}
		{65ED06B5-FF99-480B-9533-051913B76829} = {663CF9FA-9FC2-4E3D-B12C-A98A25A46F86}
		{113E6CDF-F398-4A47-B5F5-9666300D3CAC} = {663CF9FA-9FC2-4E3D-B12C-A98A25A46F86}
		{EC0F6155-CF3D-44AA-A527-4B85434233BD} = {21C4273F-F6D2-44B9-859C-34911F8A0752}
		{7B535107-402B-4574-9EAF-E74ABB51B388} = {21C4273F-F6D2-44B9-859C-34911F8A0752}
		{869CBC7E-5347-4A7D-AC93-E657800E4876} = {21C4273F-F6D2-44B9-859C-34911F8A0752}
	EndGlobalSection
	GlobalSection(ExtensibilityGlobals) = postSolution
		SolutionGuid = {84E2E915-5300-4DDC-AC99-F2CBEC55E1EF}
	EndGlobalSection
EndGlobal
